{
    "_readme": [
        "This file locks the dependencies of your project to a known state",
        "Read more about it at https://getcomposer.org/doc/01-basic-usage.md#composer-lock-the-lock-file",
        "This file is @generated automatically"
    ],
    "content-hash": "f231f883c9ff128a523f2ae246038a77",
    "packages": [
        {
            "name": "composer/installers",
            "version": "v1.5.0",
            "source": {
                "type": "git",
                "url": "https://github.com/composer/installers.git",
                "reference": "049797d727261bf27f2690430d935067710049c2"
            },
            "dist": {
                "type": "zip",
                "url": "https://api.github.com/repos/composer/installers/zipball/049797d727261bf27f2690430d935067710049c2",
                "reference": "049797d727261bf27f2690430d935067710049c2",
                "shasum": ""
            },
            "require": {
                "composer-plugin-api": "^1.0"
            },
            "replace": {
                "roundcube/plugin-installer": "*",
                "shama/baton": "*"
            },
            "require-dev": {
                "composer/composer": "1.0.*@dev",
                "phpunit/phpunit": "^4.8.36"
            },
            "type": "composer-plugin",
            "extra": {
                "class": "Composer\\Installers\\Plugin",
                "branch-alias": {
                    "dev-master": "1.0-dev"
                }
            },
            "autoload": {
                "psr-4": {
                    "Composer\\Installers\\": "src/Composer/Installers"
                }
            },
            "notification-url": "https://packagist.org/downloads/",
            "license": [
                "MIT"
            ],
            "authors": [
                {
                    "name": "Kyle Robinson Young",
                    "email": "kyle@dontkry.com",
                    "homepage": "https://github.com/shama"
                }
            ],
            "description": "A multi-framework Composer library installer",
            "homepage": "https://composer.github.io/installers/",
            "keywords": [
                "Craft",
                "Dolibarr",
                "Eliasis",
                "Hurad",
                "ImageCMS",
                "Kanboard",
                "Lan Management System",
                "MODX Evo",
                "Mautic",
                "Maya",
                "OXID",
                "Plentymarkets",
                "Porto",
                "RadPHP",
                "SMF",
                "Thelia",
                "WolfCMS",
                "agl",
                "aimeos",
                "annotatecms",
                "attogram",
                "bitrix",
                "cakephp",
                "chef",
                "cockpit",
                "codeigniter",
                "concrete5",
                "croogo",
                "dokuwiki",
                "drupal",
                "eZ Platform",
                "elgg",
                "expressionengine",
                "fuelphp",
                "grav",
                "installer",
                "itop",
                "joomla",
                "kohana",
                "laravel",
                "lavalite",
                "lithium",
                "magento",
                "majima",
                "mako",
                "mediawiki",
                "modulework",
                "modx",
                "moodle",
                "osclass",
                "phpbb",
                "piwik",
                "ppi",
                "puppet",
                "pxcms",
                "reindex",
                "roundcube",
                "shopware",
                "silverstripe",
                "sydes",
                "symfony",
                "typo3",
                "wordpress",
                "yawik",
                "zend",
                "zikula"
            ],
            "time": "2017-12-29T09:13:20+00:00"
        },
        {
            "name": "johnpbloch/wordpress",
            "version": "dev-master",
            "source": {
                "type": "git",
                "url": "https://github.com/johnpbloch/wordpress.git",
                "reference": "42f7e88d069cd003b55fab97d398b8270c9522d8"
            },
            "dist": {
                "type": "zip",
                "url": "https://api.github.com/repos/johnpbloch/wordpress/zipball/42f7e88d069cd003b55fab97d398b8270c9522d8",
                "reference": "42f7e88d069cd003b55fab97d398b8270c9522d8",
                "shasum": ""
            },
            "require": {
                "johnpbloch/wordpress-core": "dev-master",
                "johnpbloch/wordpress-core-installer": "^1.0",
                "php": ">=5.3.2"
            },
            "type": "package",
            "notification-url": "https://packagist.org/downloads/",
            "license": [
                "GPL-2.0+"
            ],
            "authors": [
                {
                    "name": "WordPress Community",
                    "homepage": "http://wordpress.org/about/"
                }
            ],
            "description": "WordPress is web software you can use to create a beautiful website or blog.",
            "homepage": "http://wordpress.org/",
            "keywords": [
                "blog",
                "cms",
                "wordpress"
            ],
            "time": "2017-06-03T15:20:37+00:00"
        },
        {
            "name": "johnpbloch/wordpress-core",
            "version": "dev-master",
            "source": {
                "type": "git",
                "url": "https://github.com/johnpbloch/wordpress-core.git",
                "reference": "cfafeee3dead8c8ef51d5c3505dd52e919f130bc"
            },
            "dist": {
                "type": "zip",
                "url": "https://api.github.com/repos/johnpbloch/wordpress-core/zipball/cfafeee3dead8c8ef51d5c3505dd52e919f130bc",
                "reference": "cfafeee3dead8c8ef51d5c3505dd52e919f130bc",
                "shasum": ""
            },
            "require": {
                "php": ">=5.3.2"
            },
            "provide": {
                "wordpress/core-implementation": "dev-master"
            },
            "type": "wordpress-core",
            "notification-url": "https://packagist.org/downloads/",
            "license": [
                "GPL-2.0-or-later"
            ],
            "authors": [
                {
                    "name": "WordPress Community",
                    "homepage": "http://wordpress.org/about/"
                }
            ],
            "description": "WordPress is web software you can use to create a beautiful website or blog.",
            "homepage": "http://wordpress.org/",
            "keywords": [
                "blog",
                "cms",
                "wordpress"
            ],
            "time": "2018-03-01T04:15:01+00:00"
        },
        {
            "name": "johnpbloch/wordpress-core-installer",
            "version": "1.0.0.2",
            "source": {
                "type": "git",
                "url": "https://github.com/johnpbloch/wordpress-core-installer.git",
                "reference": "7941acd71725710a789daabe0557429da63e7ac6"
            },
            "dist": {
                "type": "zip",
                "url": "https://api.github.com/repos/johnpbloch/wordpress-core-installer/zipball/7941acd71725710a789daabe0557429da63e7ac6",
                "reference": "7941acd71725710a789daabe0557429da63e7ac6",
                "shasum": ""
            },
            "require": {
                "composer-plugin-api": "^1.0"
            },
            "conflict": {
                "composer/installers": "<1.0.6"
            },
            "require-dev": {
                "composer/composer": "^1.0",
                "phpunit/phpunit": ">=4.8.35"
            },
            "type": "composer-plugin",
            "extra": {
                "class": "johnpbloch\\Composer\\WordPressCorePlugin"
            },
            "autoload": {
                "psr-0": {
                    "johnpbloch\\Composer\\": "src/"
                }
            },
            "notification-url": "https://packagist.org/downloads/",
            "license": [
                "GPL-2.0+"
            ],
            "authors": [
                {
                    "name": "John P. Bloch",
                    "email": "me@johnpbloch.com"
                }
            ],
            "description": "A custom installer to handle deploying WordPress with composer",
            "keywords": [
                "wordpress"
            ],
            "time": "2018-01-29T14:49:29+00:00"
        },
        {
            "name": "oomphinc/composer-installers-extender",
            "version": "v1.1.2",
            "source": {
                "type": "git",
                "url": "https://github.com/oomphinc/composer-installers-extender.git",
                "reference": "ca1c4b16b0905c81d1e77e608f36a2eff1a56f56"
            },
            "dist": {
                "type": "zip",
                "url": "https://api.github.com/repos/oomphinc/composer-installers-extender/zipball/ca1c4b16b0905c81d1e77e608f36a2eff1a56f56",
                "reference": "ca1c4b16b0905c81d1e77e608f36a2eff1a56f56",
                "shasum": ""
            },
            "require": {
                "composer-plugin-api": "^1.0",
                "composer/installers": "^1.0"
            },
            "type": "composer-plugin",
            "extra": {
                "class": "OomphInc\\ComposerInstallersExtender\\Plugin"
            },
            "autoload": {
                "psr-4": {
                    "OomphInc\\ComposerInstallersExtender\\": "src/"
                }
            },
            "notification-url": "https://packagist.org/downloads/",
            "license": [
                "MIT"
            ],
            "authors": [
                {
                    "name": "Stephen Beemsterboer",
                    "email": "stephen@oomphinc.com",
                    "homepage": "https://github.com/balbuf"
                }
            ],
            "description": "Extend the composer/installers plugin to accept any arbitrary package type.",
            "homepage": "http://www.oomphinc.com/",
            "time": "2017-03-31T16:57:39+00:00"
        },
        {
            "name": "pimple/pimple",
            "version": "dev-master",
            "source": {
                "type": "git",
                "url": "https://github.com/silexphp/Pimple.git",
                "reference": "9aaff1cb2f24988bd5d23a20f1578da118360525"
            },
            "dist": {
                "type": "zip",
                "url": "https://api.github.com/repos/silexphp/Pimple/zipball/9aaff1cb2f24988bd5d23a20f1578da118360525",
                "reference": "9aaff1cb2f24988bd5d23a20f1578da118360525",
                "shasum": ""
            },
            "require": {
                "php": ">=5.3.0",
                "psr/container": "^1.0"
            },
            "require-dev": {
                "symfony/phpunit-bridge": "^3.2"
            },
            "type": "library",
            "extra": {
                "branch-alias": {
                    "dev-master": "3.2.x-dev"
                }
            },
            "autoload": {
                "psr-0": {
                    "Pimple": "src/"
                }
            },
            "notification-url": "https://packagist.org/downloads/",
            "license": [
                "MIT"
            ],
            "authors": [
                {
                    "name": "Fabien Potencier",
                    "email": "fabien@symfony.com"
                }
            ],
            "description": "Pimple, a simple Dependency Injection Container",
            "homepage": "http://pimple.sensiolabs.org",
            "keywords": [
                "container",
                "dependency injection"
            ],
            "time": "2018-02-09T15:35:40+00:00"
        },
        {
            "name": "psr/container",
            "version": "dev-master",
            "source": {
                "type": "git",
                "url": "https://github.com/php-fig/container.git",
                "reference": "2cc4a01788191489dc7459446ba832fa79a216a7"
            },
            "dist": {
                "type": "zip",
                "url": "https://api.github.com/repos/php-fig/container/zipball/2cc4a01788191489dc7459446ba832fa79a216a7",
                "reference": "2cc4a01788191489dc7459446ba832fa79a216a7",
                "shasum": ""
            },
            "require": {
                "php": ">=5.3.0"
            },
            "type": "library",
            "extra": {
                "branch-alias": {
                    "dev-master": "1.0.x-dev"
                }
            },
            "autoload": {
                "psr-4": {
                    "Psr\\Container\\": "src/"
                }
            },
            "notification-url": "https://packagist.org/downloads/",
            "license": [
                "MIT"
            ],
            "authors": [
                {
                    "name": "PHP-FIG",
                    "homepage": "http://www.php-fig.org/"
                }
            ],
            "description": "Common Container Interface (PHP FIG PSR-11)",
            "homepage": "https://github.com/php-fig/container",
            "keywords": [
                "PSR-11",
                "container",
                "container-interface",
                "container-interop",
                "psr"
            ],
            "time": "2017-06-28T15:35:32+00:00"
        },
        {
            "name": "publishpress",
            "version": "1.10.0",
            "source": {
                "type": "git",
                "url": "https://github.com/OSTraining/PublishPress.git",
                "reference": "a985a3c38f92dbbf5c9959db81b3fb269af90d84"
            },
            "dist": {
                "type": "zip",
                "url": "https://api.github.com/repos/OSTraining/PublishPress/zipball/a985a3c38f92dbbf5c9959db81b3fb269af90d84",
                "reference": "a985a3c38f92dbbf5c9959db81b3fb269af90d84",
                "shasum": ""
            },
            "require": {
                "php": ">= 5.3",
                "pimple/pimple": "~3.0",
                "publishpress/wordpress-plugin-builder": "^2",
                "twig/twig": "~1.0"
            },
            "require-dev": {
                "codeception/codeception": "^2.3",
                "gettext/gettext": "^4.2"
            },
            "type": "wordpress-plugin",
            "license": [
                "GPL-2.0+"
            ],
            "authors": [
                {
                    "name": "PublishPress",
                    "email": "help@publishpress.com"
                }
            ],
            "description": "WordPress plugin to accelerate your publishing workflow.",
            "homepage": "http://publishpress.com/",
            "support": {
                "source": "https://github.com/OSTraining/PublishPress/tree/1.10.0",
                "issues": "https://github.com/OSTraining/PublishPress/issues"
            },
            "time": "2018-02-22T15:00:10+00:00"
        },
        {
            "name": "publishpress/publishpress-content-checklist",
            "version": "1.3.7-beta1",
            "source": {
                "type": "git",
                "url": "git@github.com:OSTraining/PublishPress-Content-Checklist.git",
                "reference": "659deda85fd13fc0c7323249cf3ab129c38be265"
            },
            "dist": {
                "type": "zip",
                "url": "https://api.github.com/repos/OSTraining/PublishPress-Content-Checklist/zipball/659deda85fd13fc0c7323249cf3ab129c38be265",
                "reference": "659deda85fd13fc0c7323249cf3ab129c38be265",
                "shasum": ""
            },
            "require": {
                "pimple/pimple": "~3.0",
                "publishpress/wordpress-edd-license-integration": "~2.1",
                "publishpress/wordpress-plugin-builder": "^2"
            },
            "type": "wordpress-plugin",
            "license": [
                "GPL-2"
            ],
            "authors": [
                {
                    "name": "PublishPress",
                    "email": "help@publishpress.com"
                }
            ],
            "support": {
                "source": "https://github.com/OSTraining/PublishPress-Content-Checklist/tree/1.3.7",
                "issues": "https://github.com/OSTraining/PublishPress-Content-Checklist/issues"
            },
            "time": "2018-02-15T19:44:59+00:00"
        },
        {
            "name": "publishpress/publishpress-multiple-authors",
            "version": "1.0.7-beta1",
            "source": {
                "type": "git",
                "url": "git@github.com:OSTraining/PublishPress-Multiple-Authors.git",
                "reference": "d7133fb81a0f910b755d6a34e5a545407084d771"
            },
            "dist": {
                "type": "zip",
                "url": "https://api.github.com/repos/OSTraining/PublishPress-Multiple-Authors/zipball/d7133fb81a0f910b755d6a34e5a545407084d771",
                "reference": "d7133fb81a0f910b755d6a34e5a545407084d771",
                "shasum": ""
            },
            "require": {
                "pimple/pimple": "~3.0",
                "publishpress/wordpress-edd-license-integration": "~2.1",
                "publishpress/wordpress-plugin-builder": "~2"
            },
            "require-dev": {
                "codeception/aspect-mock": "*",
                "consolidation/robo": "~1",
                "lucatume/wp-browser": "^1.21"
            },
            "type": "wordpress-plugin",
            "license": [
                "GPL-2"
            ],
            "authors": [
                {
                    "name": "PublishPress",
                    "email": "help@publishpress.com",
                    "homepage": "https://publishpress.com",
                    "role": "Developer"
                },
                {
                    "name": "Daniel Bachhuber",
                    "email": "d@danielbachhuber.com",
                    "homepage": "http://danielbachhuber.com",
                    "role": "Developer"
                },
                {
                    "name": "Automattic",
                    "homepage": "http://automattic.com/"
                }
            ],
            "support": {
                "source": "https://github.com/OSTraining/PublishPress-Multiple-Authors/tree/1.0.7-beta1"
            },
            "time": "2018-02-15T20:37:30+00:00"
        },
        {
            "name": "publishpress/publishpress-permissions",
            "version": "1.0.4-beta4",
            "source": {
                "type": "git",
                "url": "git@github.com:OSTraining/PublishPress-Permissions.git",
                "reference": "04ee36a57db0ca395c437a43420f000e11b1dd67"
            },
            "dist": {
                "type": "zip",
                "url": "https://api.github.com/repos/OSTraining/PublishPress-Permissions/zipball/04ee36a57db0ca395c437a43420f000e11b1dd67",
                "reference": "04ee36a57db0ca395c437a43420f000e11b1dd67",
                "shasum": ""
            },
            "require": {
                "pimple/pimple": "~3.0",
                "publishpress/wordpress-edd-license-integration": "~2.1",
                "publishpress/wordpress-plugin-builder": "^2"
            },
            "type": "wordpress-plugin",
            "license": [
                "GPL-2"
            ],
            "authors": [
                {
                    "name": "PublishPress",
                    "email": "help@publishpress.com"
                }
            ],
            "support": {
                "source": "https://github.com/OSTraining/PublishPress-Permissions/tree/1.0.4-beta4",
                "issues": "https://github.com/OSTraining/PublishPress-Permissions/issues"
            },
            "time": "2018-02-15T20:27:51+00:00"
        },
        {
            "name": "publishpress/publishpress-slack",
            "version": "1.3.0",
            "source": {
                "type": "git",
                "url": "git@github.com:OSTraining/PublishPress-Slack.git",
                "reference": "3f9c59c50a48658f799f351c977638c539d5bac3"
            },
            "dist": {
                "type": "zip",
                "url": "https://api.github.com/repos/OSTraining/PublishPress-Slack/zipball/3f9c59c50a48658f799f351c977638c539d5bac3",
                "reference": "3f9c59c50a48658f799f351c977638c539d5bac3",
                "shasum": ""
            },
            "require": {
                "pimple/pimple": "~3.0",
                "publishpress/wordpress-edd-license-integration": "~2.1",
                "publishpress/wordpress-plugin-builder": "~2"
            },
            "type": "wordpress-plugin",
            "license": [
                "GPL-2"
            ],
            "authors": [
                {
                    "name": "PublishPress",
                    "email": "help@publishpress.com"
                }
            ],
            "support": {
                "source": "https://github.com/OSTraining/PublishPress-Slack/tree/1.3.0",
                "issues": "https://github.com/OSTraining/PublishPress-Slack/issues"
            },
            "time": "2018-02-22T16:36:42+00:00"
        },
        {
            "name": "publishpress/wordpress-edd-license-integration",
            "version": "2.1.0a1",
            "source": {
                "type": "git",
                "url": "https://github.com/OSTraining/WordPress-EDD-License-Integration.git",
                "reference": "0aeed5e9bedf16b0d6ff7364f859a3d3691ea152"
            },
            "dist": {
                "type": "zip",
                "url": "https://api.github.com/repos/OSTraining/WordPress-EDD-License-Integration/zipball/0aeed5e9bedf16b0d6ff7364f859a3d3691ea152",
                "reference": "0aeed5e9bedf16b0d6ff7364f859a3d3691ea152",
                "shasum": ""
            },
            "require-dev": {
                "lucatume/wp-browser": "^1.22"
            },
            "type": "library",
            "autoload": {
                "psr-4": {
                    "PublishPress\\EDD_License\\Core\\": "src/core/"
                }
            },
            "license": [
                "GPL-2"
            ],
            "authors": [
                {
                    "name": "PublishPress",
                    "email": "help@publishpress.com"
                }
            ],
            "support": {
                "source": "https://github.com/OSTraining/WordPress-EDD-License-Integration/tree/2.1.0a1",
                "issues": "https://github.com/OSTraining/WordPress-EDD-License-Integration/issues"
            },
            "time": "2018-02-06T14:12:52+00:00"
        },
        {
            "name": "publishpress/wordpress-plugin-builder",
            "version": "2.1.3",
            "source": {
                "type": "git",
                "url": "https://github.com/OSTraining/WordPress-Plugin-Builder.git",
                "reference": "f183132a54156936765b00414fee938471ea0ad1"
            },
            "dist": {
                "type": "zip",
                "url": "https://api.github.com/repos/OSTraining/WordPress-Plugin-Builder/zipball/f183132a54156936765b00414fee938471ea0ad1",
                "reference": "f183132a54156936765b00414fee938471ea0ad1",
                "shasum": ""
            },
            "type": "library",
            "autoload": {
                "psr-4": {
                    "PublishPress\\Builder\\": "src/"
                }
            },
            "license": [
                "GPL-2.0+"
            ],
            "authors": [
                {
                    "name": "PublishPress",
                    "email": "help@publishpress.com",
                    "homepage": "https://publishpress.com"
                }
            ],
            "description": "Base class for WordPress plugin builder",
            "support": {
                "source": "https://github.com/OSTraining/WordPress-Plugin-Builder/tree/2.1.3",
                "issues": "https://github.com/OSTraining/WordPress-Plugin-Builder/issues"
            },
            "time": "2018-02-15T21:43:35+00:00"
        },
        {
            "name": "twig/twig",
            "version": "1.x-dev",
            "source": {
                "type": "git",
                "url": "https://github.com/twigphp/Twig.git",
                "reference": "e8555dc8ee4f7e080e32353d392e970337316cd3"
            },
            "dist": {
                "type": "zip",
                "url": "https://api.github.com/repos/twigphp/Twig/zipball/e8555dc8ee4f7e080e32353d392e970337316cd3",
                "reference": "e8555dc8ee4f7e080e32353d392e970337316cd3",
                "shasum": ""
            },
            "require": {
                "php": ">=5.3.3"
            },
            "require-dev": {
                "psr/container": "^1.0",
                "symfony/debug": "~2.7",
                "symfony/phpunit-bridge": "~3.3@dev"
            },
            "type": "library",
            "extra": {
                "branch-alias": {
                    "dev-master": "1.35-dev"
                }
            },
            "autoload": {
                "psr-0": {
                    "Twig_": "lib/"
                },
                "psr-4": {
                    "Twig\\": "src/"
                }
            },
            "notification-url": "https://packagist.org/downloads/",
            "license": [
                "BSD-3-Clause"
            ],
            "authors": [
                {
                    "name": "Fabien Potencier",
                    "email": "fabien@symfony.com",
                    "homepage": "http://fabien.potencier.org",
                    "role": "Lead Developer"
                },
                {
                    "name": "Armin Ronacher",
                    "email": "armin.ronacher@active-4.com",
                    "role": "Project Founder"
                },
                {
                    "name": "Twig Team",
                    "homepage": "http://twig.sensiolabs.org/contributors",
                    "role": "Contributors"
                }
            ],
            "description": "Twig, the flexible, fast, and secure template language for PHP",
            "homepage": "http://twig.sensiolabs.org",
            "keywords": [
                "templating"
            ],
            "time": "2018-02-28T16:23:15+00:00"
        },
        {
            "name": "vlucas/phpdotenv",
            "version": "dev-master",
            "source": {
                "type": "git",
                "url": "https://github.com/vlucas/phpdotenv.git",
                "reference": "90b2f4112475578eb60269266e79514e1b4128b6"
            },
            "dist": {
                "type": "zip",
                "url": "https://api.github.com/repos/vlucas/phpdotenv/zipball/90b2f4112475578eb60269266e79514e1b4128b6",
                "reference": "90b2f4112475578eb60269266e79514e1b4128b6",
                "shasum": ""
            },
            "require": {
                "php": ">=5.3.9"
            },
            "require-dev": {
                "phpunit/phpunit": "^4.8.35 || ^5.0"
            },
            "type": "library",
            "extra": {
                "branch-alias": {
                    "dev-master": "2.5-dev"
                }
            },
            "autoload": {
                "psr-4": {
                    "Dotenv\\": "src/"
                }
            },
            "notification-url": "https://packagist.org/downloads/",
            "license": [
                "BSD-3-Clause-Attribution"
            ],
            "authors": [
                {
                    "name": "Vance Lucas",
                    "email": "vance@vancelucas.com",
                    "homepage": "http://www.vancelucas.com"
                }
            ],
            "description": "Loads environment variables from `.env` to `getenv()`, `$_ENV` and `$_SERVER` automagically.",
            "keywords": [
                "dotenv",
                "env",
                "environment"
            ],
            "time": "2018-01-28T23:08:18+00:00"
        }
    ],
    "packages-dev": [
        {
            "name": "squizlabs/php_codesniffer",
            "version": "2.9.x-dev",
            "source": {
                "type": "git",
                "url": "https://github.com/squizlabs/PHP_CodeSniffer.git",
                "reference": "8a457eb0e3dcd366b85fd0ee1e6509cf17e47814"
            },
            "dist": {
                "type": "zip",
                "url": "https://api.github.com/repos/squizlabs/PHP_CodeSniffer/zipball/8a457eb0e3dcd366b85fd0ee1e6509cf17e47814",
                "reference": "8a457eb0e3dcd366b85fd0ee1e6509cf17e47814",
                "shasum": ""
            },
            "require": {
                "ext-simplexml": "*",
                "ext-tokenizer": "*",
                "ext-xmlwriter": "*",
                "php": ">=5.1.2"
            },
            "require-dev": {
                "phpunit/phpunit": "~4.0"
            },
            "bin": [
                "scripts/phpcs",
                "scripts/phpcbf"
            ],
            "type": "library",
            "extra": {
                "branch-alias": {
                    "dev-master": "2.x-dev"
                }
            },
            "autoload": {
                "classmap": [
                    "CodeSniffer.php",
                    "CodeSniffer/CLI.php",
                    "CodeSniffer/Exception.php",
                    "CodeSniffer/File.php",
                    "CodeSniffer/Fixer.php",
                    "CodeSniffer/Report.php",
                    "CodeSniffer/Reporting.php",
                    "CodeSniffer/Sniff.php",
                    "CodeSniffer/Tokens.php",
                    "CodeSniffer/Reports/",
                    "CodeSniffer/Tokenizers/",
                    "CodeSniffer/DocGenerators/",
                    "CodeSniffer/Standards/AbstractPatternSniff.php",
                    "CodeSniffer/Standards/AbstractScopeSniff.php",
                    "CodeSniffer/Standards/AbstractVariableSniff.php",
                    "CodeSniffer/Standards/IncorrectPatternException.php",
                    "CodeSniffer/Standards/Generic/Sniffs/",
                    "CodeSniffer/Standards/MySource/Sniffs/",
                    "CodeSniffer/Standards/PEAR/Sniffs/",
                    "CodeSniffer/Standards/PSR1/Sniffs/",
                    "CodeSniffer/Standards/PSR2/Sniffs/",
                    "CodeSniffer/Standards/Squiz/Sniffs/",
                    "CodeSniffer/Standards/Zend/Sniffs/"
                ]
            },
            "notification-url": "https://packagist.org/downloads/",
            "license": [
                "BSD-3-Clause"
            ],
            "authors": [
                {
                    "name": "Greg Sherwood",
                    "role": "lead"
                }
            ],
            "description": "PHP_CodeSniffer tokenizes PHP, JavaScript and CSS files and detects violations of a defined set of coding standards.",
            "homepage": "http://www.squizlabs.com/php-codesniffer",
            "keywords": [
                "phpcs",
                "standards"
            ],
            "time": "2018-02-11T23:06:14+00:00"
        },
        {
            "name": "wp-coding-standards/wpcs",
            "version": "dev-master",
            "source": {
                "type": "git",
                "url": "https://github.com/WordPress-Coding-Standards/WordPress-Coding-Standards.git",
                "reference": "cf6b310caad735816caef7573295f8a534374706"
            },
            "dist": {
                "type": "zip",
                "url": "https://api.github.com/repos/WordPress-Coding-Standards/WordPress-Coding-Standards/zipball/cf6b310caad735816caef7573295f8a534374706",
                "reference": "cf6b310caad735816caef7573295f8a534374706",
                "shasum": ""
            },
            "require": {
                "php": ">=5.3",
                "squizlabs/php_codesniffer": "^2.9.0 || ^3.0.2"
            },
            "suggest": {
                "dealerdirect/phpcodesniffer-composer-installer": "^0.4.3"
            },
            "type": "phpcodesniffer-standard",
            "notification-url": "https://packagist.org/downloads/",
            "license": [
                "MIT"
            ],
            "authors": [
                {
                    "name": "Contributors",
                    "homepage": "https://github.com/WordPress-Coding-Standards/WordPress-Coding-Standards/graphs/contributors"
                }
            ],
            "description": "PHP_CodeSniffer rules (sniffs) to enforce WordPress coding conventions",
            "keywords": [
                "phpcs",
                "standards",
                "wordpress"
            ],
            "time": "2018-02-16T01:57:48+00:00"
        },
        {
            "name": "wpackagist-plugin/debug-bar",
            "version": "dev-trunk",
            "source": {
                "type": "svn",
                "url": "https://plugins.svn.wordpress.org/debug-bar/",
                "reference": "trunk"
            },
            "dist": {
                "type": "zip",
                "url": "https://downloads.wordpress.org/plugin/debug-bar.zip?timestamp=1494849576",
                "reference": null,
                "shasum": null
            },
            "require": {
                "composer/installers": "~1.0"
            },
            "type": "wordpress-plugin",
            "homepage": "https://wordpress.org/plugins/debug-bar/",
            "time": "2017-05-15T12:59:36+00:00"
        },
        {
            "name": "wpackagist-plugin/debug-bar-console",
            "version": "dev-trunk",
            "source": {
                "type": "svn",
                "url": "https://plugins.svn.wordpress.org/debug-bar-console/",
                "reference": "trunk"
            },
            "dist": {
                "type": "zip",
                "url": "https://downloads.wordpress.org/plugin/debug-bar-console.zip?timestamp=1344368520",
                "reference": null,
                "shasum": null
            },
            "require": {
                "composer/installers": "~1.0"
            },
            "type": "wordpress-plugin",
            "homepage": "https://wordpress.org/plugins/debug-bar-console/",
            "time": "2012-08-07T20:42:00+00:00"
        },
        {
            "name": "wpackagist-plugin/log-deprecated-notices",
            "version": "dev-trunk",
            "source": {
                "type": "svn",
                "url": "https://plugins.svn.wordpress.org/log-deprecated-notices/",
                "reference": "trunk"
            },
            "dist": {
                "type": "zip",
                "url": "https://downloads.wordpress.org/plugin/log-deprecated-notices.zip?timestamp=1513617496",
                "reference": null,
                "shasum": null
            },
            "require": {
                "composer/installers": "~1.0"
            },
            "type": "wordpress-plugin",
            "homepage": "https://wordpress.org/plugins/log-deprecated-notices/",
            "time": "2017-12-18T17:18:16+00:00"
        },
        {
            "name": "wpackagist-plugin/p3-profiler",
            "version": "dev-trunk",
            "source": {
                "type": "svn",
                "url": "https://plugins.svn.wordpress.org/p3-profiler/",
                "reference": "trunk"
            },
            "dist": {
                "type": "zip",
                "url": "https://downloads.wordpress.org/plugin/p3-profiler.zip?timestamp=1429542180",
                "reference": null,
                "shasum": null
            },
            "require": {
                "composer/installers": "~1.0"
            },
            "type": "wordpress-plugin",
            "homepage": "https://wordpress.org/plugins/p3-profiler/",
            "time": "2015-04-20T16:03:00+00:00"
        },
        {
            "name": "wpackagist-plugin/query-monitor",
            "version": "dev-trunk",
            "source": {
                "type": "svn",
                "url": "https://plugins.svn.wordpress.org/query-monitor/",
                "reference": "trunk"
            },
            "dist": {
                "type": "zip",
                "url": "https://downloads.wordpress.org/plugin/query-monitor.zip?timestamp=1510265857",
                "reference": null,
                "shasum": null
            },
            "require": {
                "composer/installers": "~1.0"
            },
            "type": "wordpress-plugin",
            "homepage": "https://wordpress.org/plugins/query-monitor/",
            "time": "2017-11-09T22:17:37+00:00"
        }
    ],
    "aliases": [],
    "minimum-stability": "dev",
    "stability-flags": {
        "johnpbloch/wordpress": 20,
        "wp-coding-standards/wpcs": 20,
        "wpackagist-plugin/debug-bar-console": 20,
        "wpackagist-plugin/debug-bar": 20,
        "wpackagist-plugin/log-deprecated-notices": 20,
        "wpackagist-plugin/p3-profiler": 20,
        "wpackagist-plugin/query-monitor": 20
    },
    "prefer-stable": false,
    "prefer-lowest": false,
    "platform": [],
    "platform-dev": [],
    "platform-overrides": {
        "php": "7.0"
    }
}
